
Microsoft Visual Studio Solution File, Format Version 12.00
# Visual Studio 15
VisualStudioVersion = 15.0.28307.1022
MinimumVisualStudioVersion = 10.0.40219.1
Project("{2150E333-8FDC-42A3-9474-1A3956D46DE8}") = "MicroServices", "MicroServices", "{BB77ECFD-90B2-4C45-A8BD-8079758D48CD}"
EndProject
Project("{2150E333-8FDC-42A3-9474-1A3956D46DE8}") = "Domain", "Domain", "{5F7E165F-5D57-4247-AE80-8227BEDA9DD1}"
EndProject
Project("{2150E333-8FDC-42A3-9474-1A3956D46DE8}") = "Infrastructure.Bus", "Infrastructure.Bus", "{08A5CB64-9FF4-44B5-963D-F6AD0CCFAA2A}"
EndProject
Project("{2150E333-8FDC-42A3-9474-1A3956D46DE8}") = "Infrastructure.IoC", "Infrastructure.IoC", "{0772F5E3-69B6-4A37-A4CB-AA5B458495CA}"
EndProject
Project("{2150E333-8FDC-42A3-9474-1A3956D46DE8}") = "Presentation", "Presentation", "{EB37DFAF-B4CA-4E48-A2C8-465F362404A3}"
EndProject
Project("{FAE04EC0-301F-11D3-BF4B-00C04F79EFBC}") = "MicroRabbit.Domain.Core", "MicroRabbit.Domain.Core\MicroRabbit.Domain.Core.csproj", "{52400B0A-6481-4B04-91F3-3A577E01837C}"
EndProject
Project("{FAE04EC0-301F-11D3-BF4B-00C04F79EFBC}") = "MicroRabbit.Infrastructure.Bus", "MicroRabbit.Infrastructure.Bus\MicroRabbit.Infrastructure.Bus.csproj", "{EDCB9444-804F-4A55-AF88-77EDB10FC932}"
EndProject
Project("{FAE04EC0-301F-11D3-BF4B-00C04F79EFBC}") = "MicroRabbit.Infrastructure.IoC", "MicroRabbit.Infrastructure.IoC\MicroRabbit.Infrastructure.IoC.csproj", "{16FE570E-9953-4550-B567-B6B6698A6F17}"
EndProject
Project("{2150E333-8FDC-42A3-9474-1A3956D46DE8}") = "Banking", "Banking", "{25D8A757-38C7-4704-8F41-EB5269AADF44}"
EndProject
Project("{2150E333-8FDC-42A3-9474-1A3956D46DE8}") = "Api", "Api", "{AEA63F2C-EABE-4A8C-8DFA-3FCF2269B2B7}"
EndProject
Project("{2150E333-8FDC-42A3-9474-1A3956D46DE8}") = "Domain", "Domain", "{C79AF6B2-2985-4AD5-B13E-C9D4D0B3BE38}"
EndProject
Project("{2150E333-8FDC-42A3-9474-1A3956D46DE8}") = "Application", "Application", "{600866D1-845C-4605-868B-8AD666866545}"
EndProject
Project("{2150E333-8FDC-42A3-9474-1A3956D46DE8}") = "Data", "Data", "{2912D482-33AD-478E-BC64-EFDCC8BDA0FE}"
EndProject
Project("{FAE04EC0-301F-11D3-BF4B-00C04F79EFBC}") = "MicroRabbit.Banking.Api", "MicroRabbit.Banking.Api\MicroRabbit.Banking.Api.csproj", "{F9ED725A-CCC2-4193-B0B8-6E1B2D2CFCAF}"
EndProject
Project("{FAE04EC0-301F-11D3-BF4B-00C04F79EFBC}") = "MicroRabbit.Banking.Application", "MicroRabbit.Banking.Application\MicroRabbit.Banking.Application.csproj", "{C94F6E1D-7F82-4D3D-8A6E-3D6FE24A699E}"
EndProject
Project("{FAE04EC0-301F-11D3-BF4B-00C04F79EFBC}") = "MicroRabbit.Banking.Data", "MicroRabbit.Banking.Data\MicroRabbit.Banking.Data.csproj", "{FF530F71-2B34-46D4-944E-2875375436D9}"
EndProject
Project("{FAE04EC0-301F-11D3-BF4B-00C04F79EFBC}") = "MicroRabbit.Banking.Domain", "MicroRabbit.Banking.Domain\MicroRabbit.Banking.Domain.csproj", "{FA6A1AD1-A9E6-471F-95A8-2B75D13B93BB}"
EndProject
Global
	GlobalSection(SolutionConfigurationPlatforms) = preSolution
		Debug|Any CPU = Debug|Any CPU
		Release|Any CPU = Release|Any CPU
	EndGlobalSection
	GlobalSection(ProjectConfigurationPlatforms) = postSolution
		{52400B0A-6481-4B04-91F3-3A577E01837C}.Debug|Any CPU.ActiveCfg = Debug|Any CPU
		{52400B0A-6481-4B04-91F3-3A577E01837C}.Debug|Any CPU.Build.0 = Debug|Any CPU
		{52400B0A-6481-4B04-91F3-3A577E01837C}.Release|Any CPU.ActiveCfg = Release|Any CPU
		{52400B0A-6481-4B04-91F3-3A577E01837C}.Release|Any CPU.Build.0 = Release|Any CPU
		{EDCB9444-804F-4A55-AF88-77EDB10FC932}.Debug|Any CPU.ActiveCfg = Debug|Any CPU
		{EDCB9444-804F-4A55-AF88-77EDB10FC932}.Debug|Any CPU.Build.0 = Debug|Any CPU
		{EDCB9444-804F-4A55-AF88-77EDB10FC932}.Release|Any CPU.ActiveCfg = Release|Any CPU
		{EDCB9444-804F-4A55-AF88-77EDB10FC932}.Release|Any CPU.Build.0 = Release|Any CPU
		{16FE570E-9953-4550-B567-B6B6698A6F17}.Debug|Any CPU.ActiveCfg = Debug|Any CPU
		{16FE570E-9953-4550-B567-B6B6698A6F17}.Debug|Any CPU.Build.0 = Debug|Any CPU
		{16FE570E-9953-4550-B567-B6B6698A6F17}.Release|Any CPU.ActiveCfg = Release|Any CPU
		{16FE570E-9953-4550-B567-B6B6698A6F17}.Release|Any CPU.Build.0 = Release|Any CPU
		{F9ED725A-CCC2-4193-B0B8-6E1B2D2CFCAF}.Debug|Any CPU.ActiveCfg = Debug|Any CPU
		{F9ED725A-CCC2-4193-B0B8-6E1B2D2CFCAF}.Debug|Any CPU.Build.0 = Debug|Any CPU
		{F9ED725A-CCC2-4193-B0B8-6E1B2D2CFCAF}.Release|Any CPU.ActiveCfg = Release|Any CPU
		{F9ED725A-CCC2-4193-B0B8-6E1B2D2CFCAF}.Release|Any CPU.Build.0 = Release|Any CPU
		{C94F6E1D-7F82-4D3D-8A6E-3D6FE24A699E}.Debug|Any CPU.ActiveCfg = Debug|Any CPU
		{C94F6E1D-7F82-4D3D-8A6E-3D6FE24A699E}.Debug|Any CPU.Build.0 = Debug|Any CPU
		{C94F6E1D-7F82-4D3D-8A6E-3D6FE24A699E}.Release|Any CPU.ActiveCfg = Release|Any CPU
		{C94F6E1D-7F82-4D3D-8A6E-3D6FE24A699E}.Release|Any CPU.Build.0 = Release|Any CPU
		{FF530F71-2B34-46D4-944E-2875375436D9}.Debug|Any CPU.ActiveCfg = Debug|Any CPU
		{FF530F71-2B34-46D4-944E-2875375436D9}.Debug|Any CPU.Build.0 = Debug|Any CPU
		{FF530F71-2B34-46D4-944E-2875375436D9}.Release|Any CPU.ActiveCfg = Release|Any CPU
		{FF530F71-2B34-46D4-944E-2875375436D9}.Release|Any CPU.Build.0 = Release|Any CPU
		{FA6A1AD1-A9E6-471F-95A8-2B75D13B93BB}.Debug|Any CPU.ActiveCfg = Debug|Any CPU
		{FA6A1AD1-A9E6-471F-95A8-2B75D13B93BB}.Debug|Any CPU.Build.0 = Debug|Any CPU
		{FA6A1AD1-A9E6-471F-95A8-2B75D13B93BB}.Release|Any CPU.ActiveCfg = Release|Any CPU
		{FA6A1AD1-A9E6-471F-95A8-2B75D13B93BB}.Release|Any CPU.Build.0 = Release|Any CPU
	EndGlobalSection
	GlobalSection(SolutionProperties) = preSolution
		HideSolutionNode = FALSE
	EndGlobalSection
	GlobalSection(NestedProjects) = preSolution
		{52400B0A-6481-4B04-91F3-3A577E01837C} = {5F7E165F-5D57-4247-AE80-8227BEDA9DD1}
		{EDCB9444-804F-4A55-AF88-77EDB10FC932} = {08A5CB64-9FF4-44B5-963D-F6AD0CCFAA2A}
		{16FE570E-9953-4550-B567-B6B6698A6F17} = {0772F5E3-69B6-4A37-A4CB-AA5B458495CA}
		{25D8A757-38C7-4704-8F41-EB5269AADF44} = {BB77ECFD-90B2-4C45-A8BD-8079758D48CD}
		{AEA63F2C-EABE-4A8C-8DFA-3FCF2269B2B7} = {25D8A757-38C7-4704-8F41-EB5269AADF44}
		{C79AF6B2-2985-4AD5-B13E-C9D4D0B3BE38} = {25D8A757-38C7-4704-8F41-EB5269AADF44}
		{600866D1-845C-4605-868B-8AD666866545} = {25D8A757-38C7-4704-8F41-EB5269AADF44}
		{2912D482-33AD-478E-BC64-EFDCC8BDA0FE} = {25D8A757-38C7-4704-8F41-EB5269AADF44}
		{F9ED725A-CCC2-4193-B0B8-6E1B2D2CFCAF} = {AEA63F2C-EABE-4A8C-8DFA-3FCF2269B2B7}
		{C94F6E1D-7F82-4D3D-8A6E-3D6FE24A699E} = {600866D1-845C-4605-868B-8AD666866545}
		{FF530F71-2B34-46D4-944E-2875375436D9} = {2912D482-33AD-478E-BC64-EFDCC8BDA0FE}
		{FA6A1AD1-A9E6-471F-95A8-2B75D13B93BB} = {C79AF6B2-2985-4AD5-B13E-C9D4D0B3BE38}
	EndGlobalSection
	GlobalSection(ExtensibilityGlobals) = postSolution
		SolutionGuid = {1915115B-ED26-4AB5-A028-2E4EC2AD7762}
	EndGlobalSection
EndGlobal
